// !$*UTF8*$!
{
	archiveVersion = 1;
	classes = {
	};
	objectVersion = 56;
	objects = {

/* Begin PBXBuildFile section */
		8C37E7F02A759331009BC7A7 /* AppDelegate.swift in Sources */ = {isa = PBXBuildFile; fileRef = 8C37E7EF2A759331009BC7A7 /* AppDelegate.swift */; };
		8C37E7F22A759331009BC7A7 /* SceneDelegate.swift in Sources */ = {isa = PBXBuildFile; fileRef = 8C37E7F12A759331009BC7A7 /* SceneDelegate.swift */; };
		8C37E7F42A759331009BC7A7 /* ViewController.swift in Sources */ = {isa = PBXBuildFile; fileRef = 8C37E7F32A759331009BC7A7 /* ViewController.swift */; };
		8C37E7F72A759331009BC7A7 /* Main.storyboard in Resources */ = {isa = PBXBuildFile; fileRef = 8C37E7F52A759331009BC7A7 /* Main.storyboard */; };
		8C37E7FA2A759331009BC7A7 /* CollectionVIew_Programmatically.xcdatamodeld in Sources */ = {isa = PBXBuildFile; fileRef = 8C37E7F82A759331009BC7A7 /* CollectionVIew_Programmatically.xcdatamodeld */; };
		8C37E7FC2A759333009BC7A7 /* Assets.xcassets in Resources */ = {isa = PBXBuildFile; fileRef = 8C37E7FB2A759333009BC7A7 /* Assets.xcassets */; };
		8C37E7FF2A759333009BC7A7 /* LaunchScreen.storyboard in Resources */ = {isa = PBXBuildFile; fileRef = 8C37E7FD2A759333009BC7A7 /* LaunchScreen.storyboard */; };
/* End PBXBuildFile section */

/* Begin PBXFileReference section */
		8C37E7EC2A759331009BC7A7 /* CollectionVIew Programmatically.app */ = {isa = PBXFileReference; explicitFileType = wrapper.application; includeInIndex = 0; path = "CollectionVIew Programmatically.app"; sourceTree = BUILT_PRODUCTS_DIR; };
		8C37E7EF2A759331009BC7A7 /* AppDelegate.swift */ = {isa = PBXFileReference; lastKnownFileType = sourcecode.swift; path = AppDelegate.swift; sourceTree = "<group>"; };
		8C37E7F12A759331009BC7A7 /* SceneDelegate.swift */ = {isa = PBXFileReference; lastKnownFileType = sourcecode.swift; path = SceneDelegate.swift; sourceTree = "<group>"; };
		8C37E7F32A759331009BC7A7 /* ViewController.swift */ = {isa = PBXFileReference; lastKnownFileType = sourcecode.swift; path = ViewController.swift; sourceTree = "<group>"; };
		8C37E7F62A759331009BC7A7 /* Base */ = {isa = PBXFileReference; lastKnownFileType = file.storyboard; name = Base; path = Base.lproj/Main.storyboard; sourceTree = "<group>"; };
		8C37E7F92A759331009BC7A7 /* CollectionVIew_Programmatically.xcdatamodel */ = {isa = PBXFileReference; lastKnownFileType = wrapper.xcdatamodel; path = CollectionVIew_Programmatically.xcdatamodel; sourceTree = "<group>"; };
		8C37E7FB2A759333009BC7A7 /* Assets.xcassets */ = {isa = PBXFileReference; lastKnownFileType = folder.assetcatalog; path = Assets.xcassets; sourceTree = "<group>"; };
		8C37E7FE2A759333009BC7A7 /* Base */ = {isa = PBXFileReference; lastKnownFileType = file.storyboard; name = Base; path = Base.lproj/LaunchScreen.storyboard; sourceTree = "<group>"; };
		8C37E8002A759333009BC7A7 /* Info.plist */ = {isa = PBXFileReference; lastKnownFileType = text.plist.xml; path = Info.plist; sourceTree = "<group>"; };
/* End PBXFileReference section */

/* Begin PBXFrameworksBuildPhase section */
		8C37E7E92A759331009BC7A7 /* Frameworks */ = {
			isa = PBXFrameworksBuildPhase;
			buildActionMask = 2147483647;
			files = (
			);
			runOnlyForDeploymentPostprocessing = 0;
		};
/* End PBXFrameworksBuildPhase section */

/* Begin PBXGroup section */
		8C37E7E32A759331009BC7A7 = {
			isa = PBXGroup;
			children = (
				8C37E7EE2A759331009BC7A7 /* CollectionVIew Programmatically */,
				8C37E7ED2A759331009BC7A7 /* Products */,
			);
			sourceTree = "<group>";
		};
		8C37E7ED2A759331009BC7A7 /* Products */ = {
			isa = PBXGroup;
			children = (
				8C37E7EC2A759331009BC7A7 /* CollectionVIew Programmatically.app */,
			);
			name = Products;
			sourceTree = "<group>";
		};
		8C37E7EE2A759331009BC7A7 /* CollectionVIew Programmatically */ = {
			isa = PBXGroup;
			children = (
				8C37E7EF2A759331009BC7A7 /* AppDelegate.swift */,
				8C37E7F12A759331009BC7A7 /* SceneDelegate.swift */,
				8C37E7F52A759331009BC7A7 /* Main.storyboard */,
				8C37E7F32A759331009BC7A7 /* ViewController.swift */,
				8C37E7FB2A759333009BC7A7 /* Assets.xcassets */,
				8C37E7FD2A759333009BC7A7 /* LaunchScreen.storyboard */,
				8C37E8002A759333009BC7A7 /* Info.plist */,
				8C37E7F82A759331009BC7A7 /* CollectionVIew_Programmatically.xcdatamodeld */,
			);
			path = "CollectionVIew Programmatically";
			sourceTree = "<group>";
		};
/* End PBXGroup section */

/* Begin PBXNativeTarget section */
		8C37E7EB2A759331009BC7A7 /* CollectionVIew Programmatically */ = {
			isa = PBXNativeTarget;
			buildConfigurationList = 8C37E8032A759333009BC7A7 /* Build configuration list for PBXNativeTarget "CollectionVIew Programmatically" */;
			buildPhases = (
				8C37E7E82A759331009BC7A7 /* Sources */,
				8C37E7E92A759331009BC7A7 /* Frameworks */,
				8C37E7EA2A759331009BC7A7 /* Resources */,
			);
			buildRules = (
			);
			dependencies = (
			);
			name = "CollectionVIew Programmatically";
			productName = "CollectionVIew Programmatically";
			productReference = 8C37E7EC2A759331009BC7A7 /* CollectionVIew Programmatically.app */;
			productType = "com.apple.product-type.application";
		};
/* End PBXNativeTarget section */

/* Begin PBXProject section */
		8C37E7E42A759331009BC7A7 /* Project object */ = {
			isa = PBXProject;
			attributes = {
				BuildIndependentTargetsInParallel = 1;
				LastSwiftUpdateCheck = 1430;
				LastUpgradeCheck = 1430;
				TargetAttributes = {
					8C37E7EB2A759331009BC7A7 = {
						CreatedOnToolsVersion = 14.3.1;
					};
				};
			};
			buildConfigurationList = 8C37E7E72A759331009BC7A7 /* Build configuration list for PBXProject "CollectionVIew Programmatically" */;
			compatibilityVersion = "Xcode 14.0";
			developmentRegion = en;
			hasScannedForEncodings = 0;
			knownRegions = (
				en,
				Base,
			);
			mainGroup = 8C37E7E32A759331009BC7A7;
			productRefGroup = 8C37E7ED2A759331009BC7A7 /* Products */;
			projectDirPath = "";
			projectRoot = "";
			targets = (
				8C37E7EB2A759331009BC7A7 /* CollectionVIew Programmatically */,
			);
		};
/* End PBXProject section */

/* Begin PBXResourcesBuildPhase section */
		8C37E7EA2A759331009BC7A7 /* Resources */ = {
			isa = PBXResourcesBuildPhase;
			buildActionMask = 2147483647;
			files = (
				8C37E7FF2A759333009BC7A7 /* LaunchScreen.storyboard in Resources */,
				8C37E7FC2A759333009BC7A7 /* Assets.xcassets in Resources */,
				8C37E7F72A759331009BC7A7 /* Main.storyboard in Resources */,
			);
			runOnlyForDeploymentPostprocessing = 0;
		};
/* End PBXResourcesBuildPhase section */

/* Begin PBXSourcesBuildPhase section */
		8C37E7E82A759331009BC7A7 /* Sources */ = {
			isa = PBXSourcesBuildPhase;
			buildActionMask = 2147483647;
			files = (
				8C37E7F42A759331009BC7A7 /* ViewController.swift in Sources */,
				8C37E7F02A759331009BC7A7 /* AppDelegate.swift in Sources */,
				8C37E7FA2A759331009BC7A7 /* CollectionVIew_Programmatically.xcdatamodeld in Sources */,
				8C37E7F22A759331009BC7A7 /* SceneDelegate.swift in Sources */,
			);
			runOnlyForDeploymentPostprocessing = 0;
		};
/* End PBXSourcesBuildPhase section */

/* Begin PBXVariantGroup section */
		8C37E7F52A759331009BC7A7 /* Main.storyboard */ = {
			isa = PBXVariantGroup;
			children = (
				8C37E7F62A759331009BC7A7 /* Base */,
			);
			name = Main.storyboard;
			sourceTree = "<group>";
		};
		8C37E7FD2A759333009BC7A7 /* LaunchScreen.storyboard */ = {
			isa = PBXVariantGroup;
			children = (
				8C37E7FE2A759333009BC7A7 /* Base */,
			);
			name = LaunchScreen.storyboard;
			sourceTree = "<group>";
		};
/* End PBXVariantGroup section */

/* Begin XCBuildConfiguration section */
		8C37E8012A759333009BC7A7 /* Debug */ = {
			isa = XCBuildConfiguration;
			buildSettings = {
				ALWAYS_SEARCH_USER_PATHS = NO;
				CLANG_ANALYZER_NONNULL = YES;
				CLANG_ANALYZER_NUMBER_OBJECT_CONVERSION = YES_AGGRESSIVE;
				CLANG_CXX_LANGUAGE_STANDARD = "gnu++20";
				CLANG_ENABLE_MODULES = YES;
				CLANG_ENABLE_OBJC_ARC = YES;
				CLANG_ENABLE_OBJC_WEAK = YES;
				CLANG_WARN_BLOCK_CAPTURE_AUTORELEASING = YES;
				CLANG_WARN_BOOL_CONVERSION = YES;
				CLANG_WARN_COMMA = YES;
				CLANG_WARN_CONSTANT_CONVERSION = YES;
				CLANG_WARN_DEPRECATED_OBJC_IMPLEMENTATIONS = YES;
				CLANG_WARN_DIRECT_OBJC_ISA_USAGE = YES_ERROR;
				CLANG_WARN_DOCUMENTATION_COMMENTS = YES;
				CLANG_WARN_EMPTY_BODY = YES;
				CLANG_WARN_ENUM_CONVERSION = YES;
				CLANG_WARN_INFINITE_RECURSION = YES;
				CLANG_WARN_INT_CONVERSION = YES;
				CLANG_WARN_NON_LITERAL_NULL_CONVERSION = YES;
				CLANG_WARN_OBJC_IMPLICIT_RETAIN_SELF = YES;
				CLANG_WARN_OBJC_LITERAL_CONVERSION = YES;
				CLANG_WARN_OBJC_ROOT_CLASS = YES_ERROR;
				CLANG_WARN_QUOTED_INCLUDE_IN_FRAMEWORK_HEADER = YES;
				CLANG_WARN_RANGE_LOOP_ANALYSIS = YES;
				CLANG_WARN_STRICT_PROTOTYPES = YES;
				CLANG_WARN_SUSPICIOUS_MOVE = YES;
				CLANG_WARN_UNGUARDED_AVAILABILITY = YES_AGGRESSIVE;
				CLANG_WARN_UNREACHABLE_CODE = YES;
				CLANG_WARN__DUPLICATE_METHOD_MATCH = YES;
				COPY_PHASE_STRIP = NO;
				DEBUG_INFORMATION_FORMAT = dwarf;
				ENABLE_STRICT_OBJC_MSGSEND = YES;
				ENABLE_TESTABILITY = YES;
				GCC_C_LANGUAGE_STANDARD = gnu11;
				GCC_DYNAMIC_NO_PIC = NO;
				GCC_NO_COMMON_BLOCKS = YES;
				GCC_OPTIMIZATION_LEVEL = 0;
				GCC_PREPROCESSOR_DEFINITIONS = (
					"DEBUG=1",
					"$(inherited)",
				);
				GCC_WARN_64_TO_32_BIT_CONVERSION = YES;
				GCC_WARN_ABOUT_RETURN_TYPE = YES_ERROR;
				GCC_WARN_UNDECLARED_SELECTOR = YES;
				GCC_WARN_UNINITIALIZED_AUTOS = YES_AGGRESSIVE;
				GCC_WARN_UNUSED_FUNCTION = YES;
				GCC_WARN_UNUSED_VARIABLE = YES;
				IPHONEOS_DEPLOYMENT_TARGET = 16.4;
				MTL_ENABLE_DEBUG_INFO = INCLUDE_SOURCE;
				MTL_FAST_MATH = YES;
				ONLY_ACTIVE_ARCH = YES;
				SDKROOT = iphoneos;
				SWIFT_ACTIVE_COMPILATION_CONDITIONS = DEBUG;
				SWIFT_OPTIMIZATION_LEVEL = "-Onone";
			};
			name = Debug;
		};
		8C37E8022A759333009BC7A7 /* Release */ = {
			isa = XCBuildConfiguration;
			buildSettings = {
				ALWAYS_SEARCH_USER_PATHS = NO;
				CLANG_ANALYZER_NONNULL = YES;
				CLANG_ANALYZER_NUMBER_OBJECT_CONVERSION = YES_AGGRESSIVE;
				CLANG_CXX_LANGUAGE_STANDARD = "gnu++20";
				CLANG_ENABLE_MODULES = YES;
				CLANG_ENABLE_OBJC_ARC = YES;
				CLANG_ENABLE_OBJC_WEAK = YES;
				CLANG_WARN_BLOCK_CAPTURE_AUTORELEASING = YES;
				CLANG_WARN_BOOL_CONVERSION = YES;
				CLANG_WARN_COMMA = YES;
				CLANG_WARN_CONSTANT_CONVERSION = YES;
				CLANG_WARN_DEPRECATED_OBJC_IMPLEMENTATIONS = YES;
				CLANG_WARN_DIRECT_OBJC_ISA_USAGE = YES_ERROR;
				CLANG_WARN_DOCUMENTATION_COMMENTS = YES;
				CLANG_WARN_EMPTY_BODY = YES;
				CLANG_WARN_ENUM_CONVERSION = YES;
				CLANG_WARN_INFINITE_RECURSION = YES;
				CLANG_WARN_INT_CONVERSION = YES;
				CLANG_WARN_NON_LITERAL_NULL_CONVERSION = YES;
				CLANG_WARN_OBJC_IMPLICIT_RETAIN_SELF = YES;
				CLANG_WARN_OBJC_LITERAL_CONVERSION = YES;
				CLANG_WARN_OBJC_ROOT_CLASS = YES_ERROR;
				CLANG_WARN_QUOTED_INCLUDE_IN_FRAMEWORK_HEADER = YES;
				CLANG_WARN_RANGE_LOOP_ANALYSIS = YES;
				CLANG_WARN_STRICT_PROTOTYPES = YES;
				CLANG_WARN_SUSPICIOUS_MOVE = YES;
				CLANG_WARN_UNGUARDED_AVAILABILITY = YES_AGGRESSIVE;
				CLANG_WARN_UNREACHABLE_CODE = YES;
				CLANG_WARN__DUPLICATE_METHOD_MATCH = YES;
				COPY_PHASE_STRIP = NO;
				DEBUG_INFORMATION_FORMAT = "dwarf-with-dsym";
				ENABLE_NS_ASSERTIONS = NO;
				ENABLE_STRICT_OBJC_MSGSEND = YES;
				GCC_C_LANGUAGE_STANDARD = gnu11;
				GCC_NO_COMMON_BLOCKS = YES;
				GCC_WARN_64_TO_32_BIT_CONVERSION = YES;
				GCC_WARN_ABOUT_RETURN_TYPE = YES_ERROR;
				GCC_WARN_UNDECLARED_SELECTOR = YES;
				GCC_WARN_UNINITIALIZED_AUTOS = YES_AGGRESSIVE;
				GCC_WARN_UNUSED_FUNCTION = YES;
				GCC_WARN_UNUSED_VARIABLE = YES;
				IPHONEOS_DEPLOYMENT_TARGET = 16.4;
				MTL_ENABLE_DEBUG_INFO = NO;
				MTL_FAST_MATH = YES;
				SDKROOT = iphoneos;
				SWIFT_COMPILATION_MODE = wholemodule;
				SWIFT_OPTIMIZATION_LEVEL = "-O";
				VALIDATE_PRODUCT = YES;
			};
			name = Release;
		};
		8C37E8042A759333009BC7A7 /* Debug */ = {
			isa = XCBuildConfiguration;
			buildSettings = {
				ASSETCATALOG_COMPILER_APPICON_NAME = AppIcon;
				ASSETCATALOG_COMPILER_GLOBAL_ACCENT_COLOR_NAME = AccentColor;
				CODE_SIGN_STYLE = Automatic;
				CURRENT_PROJECT_VERSION = 1;
				GENERATE_INFOPLIST_FILE = YES;
				INFOPLIST_FILE = "CollectionVIew Programmatically/Info.plist";
				INFOPLIST_KEY_UIApplicationSupportsIndirectInputEvents = YES;
				INFOPLIST_KEY_UILaunchStoryboardName = LaunchScreen;
				INFOPLIST_KEY_UIMainStoryboardFile = Main;
				INFOPLIST_KEY_UISupportedInterfaceOrientations_iPad = "UIInterfaceOrientationPortrait UIInterfaceOrientationPortraitUpsideDown UIInterfaceOrientationLandscapeLeft UIInterfaceOrientationLandscapeRight";
				INFOPLIST_KEY_UISupportedInterfaceOrientations_iPhone = "UIInterfaceOrientationPortrait UIInterfaceOrientationLandscapeLeft UIInterfaceOrientationLandscapeRight";
				LD_RUNPATH_SEARCH_PATHS = (
					"$(inherited)",
					"@executable_path/Frameworks",
				);
				MARKETING_VERSION = 1.0;
				PRODUCT_BUNDLE_IDENTIFIER = "za.co.carrington.CollectionVIew-Programmatically";
				PRODUCT_NAME = "$(TARGET_NAME)";
				SWIFT_EMIT_LOC_STRINGS = YES;
				SWIFT_VERSION = 5.0;
				TARGETED_DEVICE_FAMILY = "1,2";
			};
			name = Debug;
		};
		8C37E8052A759333009BC7A7 /* Release */ = {
			isa = XCBuildConfiguration;
			buildSettings = {
				ASSETCATALOG_COMPILER_APPICON_NAME = AppIcon;
				ASSETCATALOG_COMPILER_GLOBAL_ACCENT_COLOR_NAME = AccentColor;
				CODE_SIGN_STYLE = Automatic;
				CURRENT_PROJECT_VERSION = 1;
				GENERATE_INFOPLIST_FILE = YES;
				INFOPLIST_FILE = "CollectionVIew Programmatically/Info.plist";
				INFOPLIST_KEY_UIApplicationSupportsIndirectInputEvents = YES;
				INFOPLIST_KEY_UILaunchStoryboardName = LaunchScreen;
				INFOPLIST_KEY_UIMainStoryboardFile = Main;
				INFOPLIST_KEY_UISupportedInterfaceOrientations_iPad = "UIInterfaceOrientationPortrait UIInterfaceOrientationPortraitUpsideDown UIInterfaceOrientationLandscapeLeft UIInterfaceOrientationLandscapeRight";
				INFOPLIST_KEY_UISupportedInterfaceOrientations_iPhone = "UIInterfaceOrientationPortrait UIInterfaceOrientationLandscapeLeft UIInterfaceOrientationLandscapeRight";
				LD_RUNPATH_SEARCH_PATHS = (
					"$(inherited)",
					"@executable_path/Frameworks",
				);
				MARKETING_VERSION = 1.0;
				PRODUCT_BUNDLE_IDENTIFIER = "za.co.carrington.CollectionVIew-Programmatically";
				PRODUCT_NAME = "$(TARGET_NAME)";
				SWIFT_EMIT_LOC_STRINGS = YES;
				SWIFT_VERSION = 5.0;
				TARGETED_DEVICE_FAMILY = "1,2";
			};
			name = Release;
		};
/* End XCBuildConfiguration section */

/* Begin XCConfigurationList section */
		8C37E7E72A759331009BC7A7 /* Build configuration list for PBXProject "CollectionVIew Programmatically" */ = {
			isa = XCConfigurationList;
			buildConfigurations = (
				8C37E8012A759333009BC7A7 /* Debug */,
				8C37E8022A759333009BC7A7 /* Release */,
			);
			defaultConfigurationIsVisible = 0;
			defaultConfigurationName = Release;
		};
		8C37E8032A759333009BC7A7 /* Build configuration list for PBXNativeTarget "CollectionVIew Programmatically" */ = {
			isa = XCConfigurationList;
			buildConfigurations = (
				8C37E8042A759333009BC7A7 /* Debug */,
				8C37E8052A759333009BC7A7 /* Release */,
			);
			defaultConfigurationIsVisible = 0;
			defaultConfigurationName = Release;
		};
/* End XCConfigurationList section */

/* Begin XCVersionGroup section */
		8C37E7F82A759331009BC7A7 /* CollectionVIew_Programmatically.xcdatamodeld */ = {
			isa = XCVersionGroup;
			children = (
				8C37E7F92A759331009BC7A7 /* CollectionVIew_Programmatically.xcdatamodel */,
			);
			currentVersion = 8C37E7F92A759331009BC7A7 /* CollectionVIew_Programmatically.xcdatamodel */;
			path = CollectionVIew_Programmatically.xcdatamodeld;
			sourceTree = "<group>";
			versionGroupType = wrapper.xcdatamodel;
		};
/* End XCVersionGroup section */
	};
	rootObject = 8C37E7E42A759331009BC7A7 /* Project object */;
}
